// !$*UTF8*$!
{
	archiveVersion = 1;
	classes = {
	};
	objectVersion = 46;
	objects = {

/* Begin PBXBuildFile section */
		271630691D2B8E430014E63A /* AppDelegate.swift in Sources */ = {isa = PBXBuildFile; fileRef = 271630681D2B8E430014E63A /* AppDelegate.swift */; };
		2716306B1D2B8E430014E63A /* ViewController.swift in Sources */ = {isa = PBXBuildFile; fileRef = 2716306A1D2B8E430014E63A /* ViewController.swift */; };
		2716306E1D2B8E430014E63A /* Main.storyboard in Resources */ = {isa = PBXBuildFile; fileRef = 2716306C1D2B8E430014E63A /* Main.storyboard */; };
		271630701D2B8E430014E63A /* Assets.xcassets in Resources */ = {isa = PBXBuildFile; fileRef = 2716306F1D2B8E430014E63A /* Assets.xcassets */; };
		271630731D2B8E430014E63A /* LaunchScreen.storyboard in Resources */ = {isa = PBXBuildFile; fileRef = 271630711D2B8E430014E63A /* LaunchScreen.storyboard */; };
		2716307B1D2B8E610014E63A /* MapKit.framework in Frameworks */ = {isa = PBXBuildFile; fileRef = 2716307A1D2B8E610014E63A /* MapKit.framework */; };
		2716307D1D2B8E690014E63A /* CoreLocation.framework in Frameworks */ = {isa = PBXBuildFile; fileRef = 2716307C1D2B8E690014E63A /* CoreLocation.framework */; };
/* End PBXBuildFile section */

/* Begin PBXFileReference section */
		271630651D2B8E430014E63A /* IfitStoreTest.app */ = {isa = PBXFileReference; explicitFileType = wrapper.application; includeInIndex = 0; path = IfitStoreTest.app; sourceTree = BUILT_PRODUCTS_DIR; };
		271630681D2B8E430014E63A /* AppDelegate.swift */ = {isa = PBXFileReference; lastKnownFileType = sourcecode.swift; path = AppDelegate.swift; sourceTree = "<group>"; };
		2716306A1D2B8E430014E63A /* ViewController.swift */ = {isa = PBXFileReference; lastKnownFileType = sourcecode.swift; path = ViewController.swift; sourceTree = "<group>"; };
		2716306D1D2B8E430014E63A /* Base */ = {isa = PBXFileReference; lastKnownFileType = file.storyboard; name = Base; path = Base.lproj/Main.storyboard; sourceTree = "<group>"; };
		2716306F1D2B8E430014E63A /* Assets.xcassets */ = {isa = PBXFileReference; lastKnownFileType = folder.assetcatalog; path = Assets.xcassets; sourceTree = "<group>"; };
		271630721D2B8E430014E63A /* Base */ = {isa = PBXFileReference; lastKnownFileType = file.storyboard; name = Base; path = Base.lproj/LaunchScreen.storyboard; sourceTree = "<group>"; };
		271630741D2B8E430014E63A /* Info.plist */ = {isa = PBXFileReference; lastKnownFileType = text.plist.xml; path = Info.plist; sourceTree = "<group>"; };
		2716307A1D2B8E610014E63A /* MapKit.framework */ = {isa = PBXFileReference; lastKnownFileType = wrapper.framework; name = MapKit.framework; path = System/Library/Frameworks/MapKit.framework; sourceTree = SDKROOT; };
		2716307C1D2B8E690014E63A /* CoreLocation.framework */ = {isa = PBXFileReference; lastKnownFileType = wrapper.framework; name = CoreLocation.framework; path = System/Library/Frameworks/CoreLocation.framework; sourceTree = SDKROOT; };
/* End PBXFileReference section */

/* Begin PBXFrameworksBuildPhase section */
		271630621D2B8E430014E63A /* Frameworks */ = {
			isa = PBXFrameworksBuildPhase;
			buildActionMask = 2147483647;
			files = (
				2716307D1D2B8E690014E63A /* CoreLocation.framework in Frameworks */,
				2716307B1D2B8E610014E63A /* MapKit.framework in Frameworks */,
			);
			runOnlyForDeploymentPostprocessing = 0;
		};
/* End PBXFrameworksBuildPhase section */

/* Begin PBXGroup section */
		2716305C1D2B8E430014E63A = {
			isa = PBXGroup;
			children = (
				2716307C1D2B8E690014E63A /* CoreLocation.framework */,
				2716307A1D2B8E610014E63A /* MapKit.framework */,
				271630671D2B8E430014E63A /* IfitStoreTest */,
				271630661D2B8E430014E63A /* Products */,
			);
			sourceTree = "<group>";
		};
		271630661D2B8E430014E63A /* Products */ = {
			isa = PBXGroup;
			children = (
				271630651D2B8E430014E63A /* IfitStoreTest.app */,
			);
			name = Products;
			sourceTree = "<group>";
		};
		271630671D2B8E430014E63A /* IfitStoreTest */ = {
			isa = PBXGroup;
			children = (
				271630681D2B8E430014E63A /* AppDelegate.swift */,
				2716306A1D2B8E430014E63A /* ViewController.swift */,
				2716306C1D2B8E430014E63A /* Main.storyboard */,
				2716306F1D2B8E430014E63A /* Assets.xcassets */,
				271630711D2B8E430014E63A /* LaunchScreen.storyboard */,
				271630741D2B8E430014E63A /* Info.plist */,
			);
			path = IfitStoreTest;
			sourceTree = "<group>";
		};
/* End PBXGroup section */

/* Begin PBXNativeTarget section */
		271630641D2B8E430014E63A /* IfitStoreTest */ = {
			isa = PBXNativeTarget;
			buildConfigurationList = 271630771D2B8E430014E63A /* Build configuration list for PBXNativeTarget "IfitStoreTest" */;
			buildPhases = (
				271630611D2B8E430014E63A /* Sources */,
				271630621D2B8E430014E63A /* Frameworks */,
				271630631D2B8E430014E63A /* Resources */,
			);
			buildRules = (
			);
			dependencies = (
			);
			name = IfitStoreTest;
			productName = IfitStoreTest;
			productReference = 271630651D2B8E430014E63A /* IfitStoreTest.app */;
			productType = "com.apple.product-type.application";
		};
/* End PBXNativeTarget section */

/* Begin PBXProject section */
		2716305D1D2B8E430014E63A /* Project object */ = {
			isa = PBXProject;
			attributes = {
				LastSwiftUpdateCheck = 0730;
				LastUpgradeCheck = 0730;
				ORGANIZATIONNAME = Alphacamp;
				TargetAttributes = {
					271630641D2B8E430014E63A = {
						CreatedOnToolsVersion = 7.3.1;
						DevelopmentTeam = 8H7X36TF25;
					};
				};
			};
			buildConfigurationList = 271630601D2B8E430014E63A /* Build configuration list for PBXProject "IfitStoreTest" */;
			compatibilityVersion = "Xcode 3.2";
			developmentRegion = English;
			hasScannedForEncodings = 0;
			knownRegions = (
				en,
				Base,
			);
			mainGroup = 2716305C1D2B8E430014E63A;
			productRefGroup = 271630661D2B8E430014E63A /* Products */;
			projectDirPath = "";
			projectRoot = "";
			targets = (
				271630641D2B8E430014E63A /* IfitStoreTest */,
			);
		};
/* End PBXProject section */

/* Begin PBXResourcesBuildPhase section */
		271630631D2B8E430014E63A /* Resources */ = {
			isa = PBXResourcesBuildPhase;
			buildActionMask = 2147483647;
			files = (
				271630731D2B8E430014E63A /* LaunchScreen.storyboard in Resources */,
				271630701D2B8E430014E63A /* Assets.xcassets in Resources */,
				2716306E1D2B8E430014E63A /* Main.storyboard in Resources */,
			);
			runOnlyForDeploymentPostprocessing = 0;
		};
/* End PBXResourcesBuildPhase section */

/* Begin PBXSourcesBuildPhase section */
		271630611D2B8E430014E63A /* Sources */ = {
			isa = PBXSourcesBuildPhase;
			buildActionMask = 2147483647;
			files = (
				2716306B1D2B8E430014E63A /* ViewController.swift in Sources */,
				271630691D2B8E430014E63A /* AppDelegate.swift in Sources */,
			);
			runOnlyForDeploymentPostprocessing = 0;
		};
/* End PBXSourcesBuildPhase section */

/* Begin PBXVariantGroup section */
		2716306C1D2B8E430014E63A /* Main.storyboard */ = {
			isa = PBXVariantGroup;
			children = (
				2716306D1D2B8E430014E63A /* Base */,
			);
			name = Main.storyboard;
			sourceTree = "<group>";
		};
		271630711D2B8E430014E63A /* LaunchScreen.storyboard */ = {
			isa = PBXVariantGroup;
			children = (
				271630721D2B8E430014E63A /* Base */,
			);
			name = LaunchScreen.storyboard;
			sourceTree = "<group>";
		};
/* End PBXVariantGroup section */

/* Begin XCBuildConfiguration section */
		271630751D2B8E430014E63A /* Debug */ = {
			isa = XCBuildConfiguration;
			buildSettings = {
				ALWAYS_SEARCH_USER_PATHS = NO;
				CLANG_ANALYZER_NONNULL = YES;
				CLANG_CXX_LANGUAGE_STANDARD = "gnu++0x";
				CLANG_CXX_LIBRARY = "libc++";
				CLANG_ENABLE_MODULES = YES;
				CLANG_ENABLE_OBJC_ARC = YES;
				CLANG_WARN_BOOL_CONVERSION = YES;
				CLANG_WARN_CONSTANT_CONVERSION = YES;
				CLANG_WARN_DIRECT_OBJC_ISA_USAGE = YES_ERROR;
				CLANG_WARN_EMPTY_BODY = YES;
				CLANG_WARN_ENUM_CONVERSION = YES;
				CLANG_WARN_INT_CONVERSION = YES;
				CLANG_WARN_OBJC_ROOT_CLASS = YES_ERROR;
				CLANG_WARN_UNREACHABLE_CODE = YES;
				CLANG_WARN__DUPLICATE_METHOD_MATCH = YES;
				"CODE_SIGN_IDENTITY[sdk=iphoneos*]" = "iPhone Developer";
				COPY_PHASE_STRIP = NO;
				DEBUG_INFORMATION_FORMAT = dwarf;
				ENABLE_STRICT_OBJC_MSGSEND = YES;
				ENABLE_TESTABILITY = YES;
				GCC_C_LANGUAGE_STANDARD = gnu99;
				GCC_DYNAMIC_NO_PIC = NO;
				GCC_NO_COMMON_BLOCKS = YES;
				GCC_OPTIMIZATION_LEVEL = 0;
				GCC_PREPROCESSOR_DEFINITIONS = (
					"DEBUG=1",
					"$(inherited)",
				);
				GCC_WARN_64_TO_32_BIT_CONVERSION = YES;
				GCC_WARN_ABOUT_RETURN_TYPE = YES_ERROR;
				GCC_WARN_UNDECLARED_SELECTOR = YES;
				GCC_WARN_UNINITIALIZED_AUTOS = YES_AGGRESSIVE;
				GCC_WARN_UNUSED_FUNCTION = YES;
				GCC_WARN_UNUSED_VARIABLE = YES;
				IPHONEOS_DEPLOYMENT_TARGET = 9.3;
				MTL_ENABLE_DEBUG_INFO = YES;
				ONLY_ACTIVE_ARCH = YES;
				SDKROOT = iphoneos;
				SWIFT_OPTIMIZATION_LEVEL = "-Onone";
			};
			name = Debug;
		};
		271630761D2B8E430014E63A /* Release */ = {
			isa = XCBuildConfiguration;
			buildSettings = {
				ALWAYS_SEARCH_USER_PATHS = NO;
				CLANG_ANALYZER_NONNULL = YES;
				CLANG_CXX_LANGUAGE_STANDARD = "gnu++0x";
				CLANG_CXX_LIBRARY = "libc++";
				CLANG_ENABLE_MODULES = YES;
				CLANG_ENABLE_OBJC_ARC = YES;
				CLANG_WARN_BOOL_CONVERSION = YES;
				CLANG_WARN_CONSTANT_CONVERSION = YES;
				CLANG_WARN_DIRECT_OBJC_ISA_USAGE = YES_ERROR;
				CLANG_WARN_EMPTY_BODY = YES;
				CLANG_WARN_ENUM_CONVERSION = YES;
				CLANG_WARN_INT_CONVERSION = YES;
				CLANG_WARN_OBJC_ROOT_CLASS = YES_ERROR;
				CLANG_WARN_UNREACHABLE_CODE = YES;
				CLANG_WARN__DUPLICATE_METHOD_MATCH = YES;
				"CODE_SIGN_IDENTITY[sdk=iphoneos*]" = "iPhone Developer";
				COPY_PHASE_STRIP = NO;
				DEBUG_INFORMATION_FORMAT = "dwarf-with-dsym";
				ENABLE_NS_ASSERTIONS = NO;
				ENABLE_STRICT_OBJC_MSGSEND = YES;
				GCC_C_LANGUAGE_STANDARD = gnu99;
				GCC_NO_COMMON_BLOCKS = YES;
				GCC_WARN_64_TO_32_BIT_CONVERSION = YES;
				GCC_WARN_ABOUT_RETURN_TYPE = YES_ERROR;
				GCC_WARN_UNDECLARED_SELECTOR = YES;
				GCC_WARN_UNINITIALIZED_AUTOS = YES_AGGRESSIVE;
				GCC_WARN_UNUSED_FUNCTION = YES;
				GCC_WARN_UNUSED_VARIABLE = YES;
				IPHONEOS_DEPLOYMENT_TARGET = 9.3;
				MTL_ENABLE_DEBUG_INFO = NO;
				SDKROOT = iphoneos;
				VALIDATE_PRODUCT = YES;
			};
			name = Release;
		};
		271630781D2B8E430014E63A /* Debug */ = {
			isa = XCBuildConfiguration;
			buildSettings = {
				ASSETCATALOG_COMPILER_APPICON_NAME = AppIcon;
				CODE_SIGN_IDENTITY = "iPhone Developer";
				"CODE_SIGN_IDENTITY[sdk=iphoneos*]" = "iPhone Developer";
				INFOPLIST_FILE = IfitStoreTest/Info.plist;
				LD_RUNPATH_SEARCH_PATHS = "$(inherited) @executable_path/Frameworks";
				PRODUCT_BUNDLE_IDENTIFIER = co.Alphacamp.IfitStoreTest;
				PRODUCT_NAME = "$(TARGET_NAME)";
				PROVISIONING_PROFILE = "";
			};
			name = Debug;
		};
		271630791D2B8E430014E63A /* Release */ = {
			isa = XCBuildConfiguration;
			buildSettings = {
				ASSETCATALOG_COMPILER_APPICON_NAME = AppIcon;
				CODE_SIGN_IDENTITY = "iPhone Developer";
				"CODE_SIGN_IDENTITY[sdk=iphoneos*]" = "iPhone Developer";
				INFOPLIST_FILE = IfitStoreTest/Info.plist;
				LD_RUNPATH_SEARCH_PATHS = "$(inherited) @executable_path/Frameworks";
				PRODUCT_BUNDLE_IDENTIFIER = co.Alphacamp.IfitStoreTest;
				PRODUCT_NAME = "$(TARGET_NAME)";
				PROVISIONING_PROFILE = "";
			};
			name = Release;
		};
/* End XCBuildConfiguration section */

/* Begin XCConfigurationList section */
		271630601D2B8E430014E63A /* Build configuration list for PBXProject "IfitStoreTest" */ = {
			isa = XCConfigurationList;
			buildConfigurations = (
				271630751D2B8E430014E63A /* Debug */,
				271630761D2B8E430014E63A /* Release */,
			);
			defaultConfigurationIsVisible = 0;
			defaultConfigurationName = Release;
		};
		271630771D2B8E430014E63A /* Build configuration list for PBXNativeTarget "IfitStoreTest" */ = {
			isa = XCConfigurationList;
			buildConfigurations = (
				271630781D2B8E430014E63A /* Debug */,
				271630791D2B8E430014E63A /* Release */,
			);
			defaultConfigurationIsVisible = 0;
			defaultConfigurationName = Release;
		};
/* End XCConfigurationList section */
	};
	rootObject = 2716305D1D2B8E430014E63A /* Project object */;
}
